{
  "name": "termd",
  "version": "0.0.1",
  "lockfileVersion": 1,
  "requires": true,
  "dependencies": {
    "ansi-regex": {
      "version": "1.1.1",
      "resolved": "https://registry.npmjs.org/ansi-regex/-/ansi-regex-1.1.1.tgz",
      "integrity": "sha1-QchHGUZGN15qGl0Qw8oFTvn8mA0="
    },
    "ansi-styles": {
      "version": "2.2.1",
      "resolved": "https://registry.npmjs.org/ansi-styles/-/ansi-styles-2.2.1.tgz",
      "integrity": "sha1-tDLdM1i2NM914eRmQ2gkBTPB3b4="
    },
    "babel-runtime": {
      "version": "6.22.0",
      "resolved": "https://registry.npmjs.org/babel-runtime/-/babel-runtime-6.22.0.tgz",
      "integrity": "sha1-HPi0rGfHek3bDbKuH3TeUqxMphE=",
      "requires": {
        "core-js": "2.5.3",
        "regenerator-runtime": "0.10.5"
      }
    },
    "camel-case": {
      "version": "3.0.0",
      "resolved": "https://registry.npmjs.org/camel-case/-/camel-case-3.0.0.tgz",
      "integrity": "sha1-yjw2iKTpzzpM2nd9xNy8cTJJz3M=",
      "requires": {
        "no-case": "2.3.2",
        "upper-case": "1.1.3"
      }
    },
    "cfonts": {
      "version": "1.1.3",
      "resolved": "https://registry.npmjs.org/cfonts/-/cfonts-1.1.3.tgz",
      "integrity": "sha1-XZp6a/GgI/wtU12nJk6pDs2dv0g=",
      "requires": {
        "babel-runtime": "6.22.0",
        "chalk": "1.0.0",
        "change-case": "3.0.0",
        "commander": "2.9.0",
        "window-size": "0.3.0"
      }
    },
    "chalk": {
      "version": "1.0.0",
      "resolved": "https://registry.npmjs.org/chalk/-/chalk-1.0.0.tgz",
      "integrity": "sha1-s89O0P9Tl8mcdbj2edsvUoMfltw=",
      "requires": {
        "ansi-styles": "2.2.1",
        "escape-string-regexp": "1.0.5",
        "has-ansi": "1.0.3",
        "strip-ansi": "2.0.1",
        "supports-color": "1.3.1"
      }
    },
    "change-case": {
      "version": "3.0.0",
      "resolved": "https://registry.npmjs.org/change-case/-/change-case-3.0.0.tgz",
      "integrity": "sha1-bJyONfh5CHCoK2sHRb6MPL75sIE=",
      "requires": {
        "camel-case": "3.0.0",
        "constant-case": "2.0.0",
        "dot-case": "2.1.1",
        "header-case": "1.0.1",
        "is-lower-case": "1.1.3",
        "is-upper-case": "1.1.2",
        "lower-case": "1.1.4",
        "lower-case-first": "1.0.2",
        "no-case": "2.3.2",
        "param-case": "2.1.1",
        "pascal-case": "2.0.1",
        "path-case": "2.1.1",
        "sentence-case": "2.1.1",
        "snake-case": "2.1.0",
        "swap-case": "1.1.2",
        "title-case": "2.1.1",
        "upper-case": "1.1.3",
        "upper-case-first": "1.1.2"
      }
    },
    "colors": {
      "version": "1.1.2",
      "resolved": "https://registry.npmjs.org/colors/-/colors-1.1.2.tgz",
      "integrity": "sha1-FopHAXVran9RoSzgyXv6KMCE7WM="
    },
    "commander": {
      "version": "2.9.0",
      "resolved": "https://registry.npmjs.org/commander/-/commander-2.9.0.tgz",
      "integrity": "sha1-nJkJQXbhIkDLItbFFGCYQA/g99Q=",
      "requires": {
        "graceful-readlink": "1.0.1"
      }
    },
    "constant-case": {
      "version": "2.0.0",
      "resolved": "https://registry.npmjs.org/constant-case/-/constant-case-2.0.0.tgz",
      "integrity": "sha1-QXV2TTidP6nI7NKRhu1gBSQ7akY=",
      "requires": {
        "snake-case": "2.1.0",
        "upper-case": "1.1.3"
      }
    },
    "core-js": {
      "version": "2.5.3",
      "resolved": "https://registry.npmjs.org/core-js/-/core-js-2.5.3.tgz",
      "integrity": "sha1-isw4NFgk8W2DZbfJtCWRaOjtYD4="
    },
    "dot-case": {
      "version": "2.1.1",
      "resolved": "https://registry.npmjs.org/dot-case/-/dot-case-2.1.1.tgz",
      "integrity": "sha1-NNzzf1Co6TwrO8qLt/uRVcfaO+4=",
      "requires": {
        "no-case": "2.3.2"
      }
    },
    "escape-string-regexp": {
      "version": "1.0.5",
      "resolved": "https://registry.npmjs.org/escape-string-regexp/-/escape-string-regexp-1.0.5.tgz",
      "integrity": "sha1-G2HAViGQqN/2rjuyzwIAyhMLhtQ="
    },
    "get-stdin": {
      "version": "4.0.1",
      "resolved": "https://registry.npmjs.org/get-stdin/-/get-stdin-4.0.1.tgz",
      "integrity": "sha1-uWjGsKBDhDJJAui/Gl3zJXmkUP4="
    },
    "graceful-readlink": {
      "version": "1.0.1",
      "resolved": "https://registry.npmjs.org/graceful-readlink/-/graceful-readlink-1.0.1.tgz",
      "integrity": "sha1-TK+tdrxi8C+gObL5Tpo906ORpyU="
    },
    "has-ansi": {
      "version": "1.0.3",
      "resolved": "https://registry.npmjs.org/has-ansi/-/has-ansi-1.0.3.tgz",
      "integrity": "sha1-wLWxYV2eOCsP9nFp2We0JeSMpTg=",
      "requires": {
        "ansi-regex": "1.1.1",
        "get-stdin": "4.0.1"
      }
    },
    "header-case": {
      "version": "1.0.1",
      "resolved": "https://registry.npmjs.org/header-case/-/header-case-1.0.1.tgz",
      "integrity": "sha1-lTWXMZfBRLCWE81l0xfvGZY70C0=",
      "requires": {
        "no-case": "2.3.2",
        "upper-case": "1.1.3"
      }
    },
    "is-lower-case": {
      "version": "1.1.3",
      "resolved": "https://registry.npmjs.org/is-lower-case/-/is-lower-case-1.1.3.tgz",
      "integrity": "sha1-fhR75HaNxGbbO/shzGCzHmrWk5M=",
      "requires": {
        "lower-case": "1.1.4"
      }
    },
    "is-upper-case": {
      "version": "1.1.2",
      "resolved": "https://registry.npmjs.org/is-upper-case/-/is-upper-case-1.1.2.tgz",
      "integrity": "sha1-jQsfp+eTOh5YSDYA7H2WYcuvdW8=",
      "requires": {
        "upper-case": "1.1.3"
      }
    },
    "lower-case": {
      "version": "1.1.4",
      "resolved": "https://registry.npmjs.org/lower-case/-/lower-case-1.1.4.tgz",
      "integrity": "sha1-miyr0bno4K6ZOkv31YdcOcQujqw="
    },
    "lower-case-first": {
      "version": "1.0.2",
      "resolved": "https://registry.npmjs.org/lower-case-first/-/lower-case-first-1.0.2.tgz",
      "integrity": "sha1-5dp8JvKacHO+AtUrrJmA5ZIq36E=",
      "requires": {
        "lower-case": "1.1.4"
      }
    },
    "marked": {
      "version": "0.3.12",
      "resolved": "https://registry.npmjs.org/marked/-/marked-0.3.12.tgz",
      "integrity": "sha512-k4NaW+vS7ytQn6MgJn3fYpQt20/mOgYM5Ft9BYMfQJDz2QT6yEeS9XJ8k2Nw8JTeWK/znPPW2n3UJGzyYEiMoA=="
    },
    "no-case": {
      "version": "2.3.2",
      "resolved": "https://registry.npmjs.org/no-case/-/no-case-2.3.2.tgz",
      "integrity": "sha512-rmTZ9kz+f3rCvK2TD1Ue/oZlns7OGoIWP4fc3llxxRXlOkHKoWPPWJOfFYpITabSow43QJbRIoHQXtt10VldyQ==",
      "requires": {
        "lower-case": "1.1.4"
      }
    },
    "param-case": {
      "version": "2.1.1",
      "resolved": "https://registry.npmjs.org/param-case/-/param-case-2.1.1.tgz",
      "integrity": "sha1-35T9jPZTHs915r75oIWPvHK+Ikc=",
      "requires": {
        "no-case": "2.3.2"
      }
    },
    "pascal-case": {
      "version": "2.0.1",
      "resolved": "https://registry.npmjs.org/pascal-case/-/pascal-case-2.0.1.tgz",
      "integrity": "sha1-LVeNNFX2YNpl7KGO+VtODekSdh4=",
      "requires": {
        "camel-case": "3.0.0",
        "upper-case-first": "1.1.2"
      }
    },
    "path-case": {
      "version": "2.1.1",
      "resolved": "https://registry.npmjs.org/path-case/-/path-case-2.1.1.tgz",
      "integrity": "sha1-lLgDfDctP+KQbkZbtF4l0ibo7qU=",
      "requires": {
        "no-case": "2.3.2"
      }
    },
    "regenerator-runtime": {
      "version": "0.10.5",
      "resolved": "https://registry.npmjs.org/regenerator-runtime/-/regenerator-runtime-0.10.5.tgz",
      "integrity": "sha1-M2w+/BIgrc7dosn6tntaeVWjNlg="
    },
    "sentence-case": {
      "version": "2.1.1",
      "resolved": "https://registry.npmjs.org/sentence-case/-/sentence-case-2.1.1.tgz",
      "integrity": "sha1-H24t2jnBaL+S0T+G1KkYkz9mftQ=",
      "requires": {
        "no-case": "2.3.2",
        "upper-case-first": "1.1.2"
      }
    },
    "snake-case": {
      "version": "2.1.0",
      "resolved": "https://registry.npmjs.org/snake-case/-/snake-case-2.1.0.tgz",
      "integrity": "sha1-Qb2xtz8w7GagTU4srRt2OH1NbZ8=",
      "requires": {
        "no-case": "2.3.2"
      }
    },
    "strip-ansi": {
      "version": "2.0.1",
      "resolved": "https://registry.npmjs.org/strip-ansi/-/strip-ansi-2.0.1.tgz",
      "integrity": "sha1-32LBqpTtLxFOHQ8h/R1QSCt5pg4=",
      "requires": {
        "ansi-regex": "1.1.1"
      }
    },
    "supports-color": {
      "version": "1.3.1",
      "resolved": "https://registry.npmjs.org/supports-color/-/supports-color-1.3.1.tgz",
      "integrity": "sha1-FXWN8J2P87SswwdTn6vicJXhBC0="
    },
    "swap-case": {
      "version": "1.1.2",
      "resolved": "https://registry.npmjs.org/swap-case/-/swap-case-1.1.2.tgz",
      "integrity": "sha1-w5IDpFhzhfrTyFCgvRvK+ggZdOM=",
      "requires": {
        "lower-case": "1.1.4",
        "upper-case": "1.1.3"
      }
    },
    "title-case": {
      "version": "2.1.1",
      "resolved": "https://registry.npmjs.org/title-case/-/title-case-2.1.1.tgz",
      "integrity": "sha1-PhJyFtpY0rxb7PE3q5Ha46fNj6o=",
      "requires": {
        "no-case": "2.3.2",
        "upper-case": "1.1.3"
      }
    },
    "upper-case": {
      "version": "1.1.3",
      "resolved": "https://registry.npmjs.org/upper-case/-/upper-case-1.1.3.tgz",
      "integrity": "sha1-9rRQHC7EzdJrp4vnIilh3ndiFZg="
    },
    "upper-case-first": {
      "version": "1.1.2",
      "resolved": "https://registry.npmjs.org/upper-case-first/-/upper-case-first-1.1.2.tgz",
      "integrity": "sha1-XXm+3P8UQZUY/S7bCgUHybaFkRU=",
      "requires": {
        "upper-case": "1.1.3"
      }
    },
    "window-size": {
      "version": "0.3.0",
      "resolved": "https://registry.npmjs.org/window-size/-/window-size-0.3.0.tgz",
      "integrity": "sha1-uPC2bjJdIhYHUeSWM35EtFtydUY="
    }
  }
}
